
Microsoft Visual Studio Solution File, Format Version 12.00
# Visual Studio Version 17
VisualStudioVersion = 17.1.32228.430
MinimumVisualStudioVersion = 10.0.40219.1
Project("{2150E333-8FDC-42A3-9474-1A3956D46DE8}") = "src", "src", "{6535720C-C6A8-46A9-B6D8-45E3A18999CA}"
EndProject
Project("{FAE04EC0-301F-11D3-BF4B-00C04F79EFBC}") = "AplicacionGrafica", "AplicacionGrafica\AplicacionGrafica.csproj", "{F518FE41-6450-4499-B4E5-EF2F1A3C7F31}"
EndProject
Project("{FAE04EC0-301F-11D3-BF4B-00C04F79EFBC}") = "SistemaFramework", "SistemaFramework\SistemaFramework.csproj", "{E566C4CA-5A4E-41E2-935C-C596DB400C2C}"
EndProject
Project("{FAE04EC0-301F-11D3-BF4B-00C04F79EFBC}") = "libFramework", "libFramework\libFramework.csproj", "{40114F3E-C634-458F-A61D-82C4076C2AC6}"
EndProject
Project("{FAE04EC0-301F-11D3-BF4B-00C04F79EFBC}") = "RepoFramework", "RepoFramework\RepoFramework.csproj", "{81894B96-F26F-4435-8AF2-F853CA09172C}"
EndProject
Global
	GlobalSection(SolutionConfigurationPlatforms) = preSolution
		Debug|Any CPU = Debug|Any CPU
		Release|Any CPU = Release|Any CPU
	EndGlobalSection
	GlobalSection(ProjectConfigurationPlatforms) = postSolution
		{F518FE41-6450-4499-B4E5-EF2F1A3C7F31}.Debug|Any CPU.ActiveCfg = Debug|Any CPU
		{F518FE41-6450-4499-B4E5-EF2F1A3C7F31}.Debug|Any CPU.Build.0 = Debug|Any CPU
		{F518FE41-6450-4499-B4E5-EF2F1A3C7F31}.Release|Any CPU.ActiveCfg = Release|Any CPU
		{F518FE41-6450-4499-B4E5-EF2F1A3C7F31}.Release|Any CPU.Build.0 = Release|Any CPU
		{E566C4CA-5A4E-41E2-935C-C596DB400C2C}.Debug|Any CPU.ActiveCfg = Debug|Any CPU
		{E566C4CA-5A4E-41E2-935C-C596DB400C2C}.Debug|Any CPU.Build.0 = Debug|Any CPU
		{E566C4CA-5A4E-41E2-935C-C596DB400C2C}.Release|Any CPU.ActiveCfg = Release|Any CPU
		{E566C4CA-5A4E-41E2-935C-C596DB400C2C}.Release|Any CPU.Build.0 = Release|Any CPU
		{40114F3E-C634-458F-A61D-82C4076C2AC6}.Debug|Any CPU.ActiveCfg = Debug|Any CPU
		{40114F3E-C634-458F-A61D-82C4076C2AC6}.Debug|Any CPU.Build.0 = Debug|Any CPU
		{40114F3E-C634-458F-A61D-82C4076C2AC6}.Release|Any CPU.ActiveCfg = Release|Any CPU
		{40114F3E-C634-458F-A61D-82C4076C2AC6}.Release|Any CPU.Build.0 = Release|Any CPU
		{81894B96-F26F-4435-8AF2-F853CA09172C}.Debug|Any CPU.ActiveCfg = Debug|Any CPU
		{81894B96-F26F-4435-8AF2-F853CA09172C}.Debug|Any CPU.Build.0 = Debug|Any CPU
		{81894B96-F26F-4435-8AF2-F853CA09172C}.Release|Any CPU.ActiveCfg = Release|Any CPU
		{81894B96-F26F-4435-8AF2-F853CA09172C}.Release|Any CPU.Build.0 = Release|Any CPU
	EndGlobalSection
	GlobalSection(SolutionProperties) = preSolution
		HideSolutionNode = FALSE
	EndGlobalSection
	GlobalSection(NestedProjects) = preSolution
		{F518FE41-6450-4499-B4E5-EF2F1A3C7F31} = {6535720C-C6A8-46A9-B6D8-45E3A18999CA}
		{E566C4CA-5A4E-41E2-935C-C596DB400C2C} = {6535720C-C6A8-46A9-B6D8-45E3A18999CA}
		{40114F3E-C634-458F-A61D-82C4076C2AC6} = {6535720C-C6A8-46A9-B6D8-45E3A18999CA}
		{81894B96-F26F-4435-8AF2-F853CA09172C} = {6535720C-C6A8-46A9-B6D8-45E3A18999CA}
	EndGlobalSection
	GlobalSection(ExtensibilityGlobals) = postSolution
		SolutionGuid = {B6C31442-F1F3-4C8D-A160-13C615A5114E}
	EndGlobalSection
EndGlobal
